
Microsoft Visual Studio Solution File, Format Version 12.00
# Visual Studio 15
VisualStudioVersion = 15.0.28010.2050
MinimumVisualStudioVersion = 10.0.40219.1
Project("{9A19103F-16F7-4668-BE54-9A1E7A4F7556}") = "HighConcurrencyWeb", "HighConcurrencyWeb\HighConcurrencyWeb.csproj", "{C6F56666-550A-42F2-A832-8F6258D31336}"
EndProject
Project("{FAE04EC0-301F-11D3-BF4B-00C04F79EFBC}") = "MQConsumer", "MQConsumer\MQConsumer.csproj", "{E641D54B-7563-4691-B9D1-8C11088082FA}"
EndProject
Global
	GlobalSection(SolutionConfigurationPlatforms) = preSolution
		Debug|Any CPU = Debug|Any CPU
		Release|Any CPU = Release|Any CPU
	EndGlobalSection
	GlobalSection(ProjectConfigurationPlatforms) = postSolution
		{C6F56666-550A-42F2-A832-8F6258D31336}.Debug|Any CPU.ActiveCfg = Debug|Any CPU
		{C6F56666-550A-42F2-A832-8F6258D31336}.Debug|Any CPU.Build.0 = Debug|Any CPU
		{C6F56666-550A-42F2-A832-8F6258D31336}.Release|Any CPU.ActiveCfg = Release|Any CPU
		{C6F56666-550A-42F2-A832-8F6258D31336}.Release|Any CPU.Build.0 = Release|Any CPU
		{E641D54B-7563-4691-B9D1-8C11088082FA}.Debug|Any CPU.ActiveCfg = Debug|Any CPU
		{E641D54B-7563-4691-B9D1-8C11088082FA}.Debug|Any CPU.Build.0 = Debug|Any CPU
		{E641D54B-7563-4691-B9D1-8C11088082FA}.Release|Any CPU.ActiveCfg = Release|Any CPU
		{E641D54B-7563-4691-B9D1-8C11088082FA}.Release|Any CPU.Build.0 = Release|Any CPU
	EndGlobalSection
	GlobalSection(SolutionProperties) = preSolution
		HideSolutionNode = FALSE
	EndGlobalSection
	GlobalSection(ExtensibilityGlobals) = postSolution
		SolutionGuid = {57530A8B-0733-4189-9999-E2B562C0672C}
	EndGlobalSection
EndGlobal
